// !$*UTF8*$!
{
	archiveVersion = 1;
	classes = {
	};
	objectVersion = 46;
	objects = {

/* Begin PBXBuildFile section */
		3DC735FC2726FECE00A67117 /* TypewriterAnimation.swift in Sources */ = {isa = PBXBuildFile; fileRef = 3DC735FB2726FECE00A67117 /* TypewriterAnimation.swift */; };
		914248881E093E3A008729C9 /* TypewriterLabel.swift in Sources */ = {isa = PBXBuildFile; fileRef = 914248841E093E3A008729C9 /* TypewriterLabel.swift */; };
		91980F071E0860A2004714BE /* GhostTypewriter.framework in Frameworks */ = {isa = PBXBuildFile; fileRef = 91980EFD1E0860A2004714BE /* GhostTypewriter.framework */; };
		C22D054623E1ADC500FF3F27 /* TimerFactory.swift in Sources */ = {isa = PBXBuildFile; fileRef = C22D054523E1ADC500FF3F27 /* TimerFactory.swift */; };
		C22D054F23E1B0DD00FF3F27 /* MockTimerFactory.swift in Sources */ = {isa = PBXBuildFile; fileRef = C22D054B23E1B03D00FF3F27 /* MockTimerFactory.swift */; };
		C22D055023E1B0E100FF3F27 /* MockTimer.swift in Sources */ = {isa = PBXBuildFile; fileRef = C22D054D23E1B06200FF3F27 /* MockTimer.swift */; };
		C22D055123E1B0EE00FF3F27 /* TypewriterLabelTests.swift in Sources */ = {isa = PBXBuildFile; fileRef = C22D054823E1B02900FF3F27 /* TypewriterLabelTests.swift */; };
/* End PBXBuildFile section */

/* Begin PBXContainerItemProxy section */
		91980F081E0860A2004714BE /* PBXContainerItemProxy */ = {
			isa = PBXContainerItemProxy;
			containerPortal = 91980EF41E0860A2004714BE /* Project object */;
			proxyType = 1;
			remoteGlobalIDString = 91980EFC1E0860A2004714BE;
			remoteInfo = TypeWriting;
		};
/* End PBXContainerItemProxy section */

/* Begin PBXFileReference section */
		3DC735FB2726FECE00A67117 /* TypewriterAnimation.swift */ = {isa = PBXFileReference; fileEncoding = 4; lastKnownFileType = sourcecode.swift; path = TypewriterAnimation.swift; sourceTree = "<group>"; };
		914248841E093E3A008729C9 /* TypewriterLabel.swift */ = {isa = PBXFileReference; fileEncoding = 4; lastKnownFileType = sourcecode.swift; path = TypewriterLabel.swift; sourceTree = "<group>"; };
		914248861E093E3A008729C9 /* Info.plist */ = {isa = PBXFileReference; fileEncoding = 4; lastKnownFileType = text.plist.xml; path = Info.plist; sourceTree = "<group>"; };
		9142488B1E093E5A008729C9 /* Info.plist */ = {isa = PBXFileReference; fileEncoding = 4; lastKnownFileType = text.plist.xml; path = Info.plist; sourceTree = "<group>"; };
		91980EFD1E0860A2004714BE /* GhostTypewriter.framework */ = {isa = PBXFileReference; explicitFileType = wrapper.framework; includeInIndex = 0; path = GhostTypewriter.framework; sourceTree = BUILT_PRODUCTS_DIR; };
		91980F061E0860A2004714BE /* GhostTypeWriterTests.xctest */ = {isa = PBXFileReference; explicitFileType = wrapper.cfbundle; includeInIndex = 0; path = GhostTypeWriterTests.xctest; sourceTree = BUILT_PRODUCTS_DIR; };
		C22D054523E1ADC500FF3F27 /* TimerFactory.swift */ = {isa = PBXFileReference; lastKnownFileType = sourcecode.swift; path = TimerFactory.swift; sourceTree = "<group>"; };
		C22D054823E1B02900FF3F27 /* TypewriterLabelTests.swift */ = {isa = PBXFileReference; fileEncoding = 4; lastKnownFileType = sourcecode.swift; path = TypewriterLabelTests.swift; sourceTree = "<group>"; };
		C22D054B23E1B03D00FF3F27 /* MockTimerFactory.swift */ = {isa = PBXFileReference; lastKnownFileType = sourcecode.swift; path = MockTimerFactory.swift; sourceTree = "<group>"; };
		C22D054D23E1B06200FF3F27 /* MockTimer.swift */ = {isa = PBXFileReference; lastKnownFileType = sourcecode.swift; path = MockTimer.swift; sourceTree = "<group>"; };
/* End PBXFileReference section */

/* Begin PBXFrameworksBuildPhase section */
		91980EF91E0860A2004714BE /* Frameworks */ = {
			isa = PBXFrameworksBuildPhase;
			buildActionMask = 2147483647;
			files = (
			);
			runOnlyForDeploymentPostprocessing = 0;
		};
		91980F031E0860A2004714BE /* Frameworks */ = {
			isa = PBXFrameworksBuildPhase;
			buildActionMask = 2147483647;
			files = (
				91980F071E0860A2004714BE /* GhostTypewriter.framework in Frameworks */,
			);
			runOnlyForDeploymentPostprocessing = 0;
		};
/* End PBXFrameworksBuildPhase section */

/* Begin PBXGroup section */
		914248811E093E3A008729C9 /* GhostTypewriter */ = {
			isa = PBXGroup;
			children = (
				914248831E093E3A008729C9 /* Label */,
				914248851E093E3A008729C9 /* SupportingFiles */,
			);
			path = GhostTypewriter;
			sourceTree = "<group>";
		};
		914248831E093E3A008729C9 /* Label */ = {
			isa = PBXGroup;
			children = (
				C22D054423E1ADAB00FF3F27 /* Timer */,
				914248841E093E3A008729C9 /* TypewriterLabel.swift */,
				3DC735FB2726FECE00A67117 /* TypewriterAnimation.swift */,
			);
			path = Label;
			sourceTree = "<group>";
		};
		914248851E093E3A008729C9 /* SupportingFiles */ = {
			isa = PBXGroup;
			children = (
				914248861E093E3A008729C9 /* Info.plist */,
			);
			path = SupportingFiles;
			sourceTree = "<group>";
		};
		9142488A1E093E5A008729C9 /* GhostTypewriterTests */ = {
			isa = PBXGroup;
			children = (
				9142488B1E093E5A008729C9 /* Info.plist */,
				C22D054923E1B02900FF3F27 /* Mocks */,
				C22D054723E1B02900FF3F27 /* Tests */,
			);
			path = GhostTypewriterTests;
			sourceTree = "<group>";
		};
		91980EF31E0860A2004714BE = {
			isa = PBXGroup;
			children = (
				914248811E093E3A008729C9 /* GhostTypewriter */,
				9142488A1E093E5A008729C9 /* GhostTypewriterTests */,
				91980EFE1E0860A2004714BE /* Products */,
			);
			sourceTree = "<group>";
		};
		91980EFE1E0860A2004714BE /* Products */ = {
			isa = PBXGroup;
			children = (
				91980EFD1E0860A2004714BE /* GhostTypewriter.framework */,
				91980F061E0860A2004714BE /* GhostTypeWriterTests.xctest */,
			);
			name = Products;
			sourceTree = "<group>";
		};
		C22D054423E1ADAB00FF3F27 /* Timer */ = {
			isa = PBXGroup;
			children = (
				C22D054523E1ADC500FF3F27 /* TimerFactory.swift */,
			);
			path = Timer;
			sourceTree = "<group>";
		};
		C22D054723E1B02900FF3F27 /* Tests */ = {
			isa = PBXGroup;
			children = (
				C22D054823E1B02900FF3F27 /* TypewriterLabelTests.swift */,
			);
			path = Tests;
			sourceTree = "<group>";
		};
		C22D054923E1B02900FF3F27 /* Mocks */ = {
			isa = PBXGroup;
			children = (
				C22D054B23E1B03D00FF3F27 /* MockTimerFactory.swift */,
				C22D054D23E1B06200FF3F27 /* MockTimer.swift */,
			);
			path = Mocks;
			sourceTree = "<group>";
		};
/* End PBXGroup section */

/* Begin PBXHeadersBuildPhase section */
		91980EFA1E0860A2004714BE /* Headers */ = {
			isa = PBXHeadersBuildPhase;
			buildActionMask = 2147483647;
			files = (
			);
			runOnlyForDeploymentPostprocessing = 0;
		};
/* End PBXHeadersBuildPhase section */

/* Begin PBXNativeTarget section */
		91980EFC1E0860A2004714BE /* GhostTypewriter */ = {
			isa = PBXNativeTarget;
			buildConfigurationList = 91980F111E0860A2004714BE /* Build configuration list for PBXNativeTarget "GhostTypewriter" */;
			buildPhases = (
				91980EF81E0860A2004714BE /* Sources */,
				91980EF91E0860A2004714BE /* Frameworks */,
				91980EFA1E0860A2004714BE /* Headers */,
				91980EFB1E0860A2004714BE /* Resources */,
			);
			buildRules = (
			);
			dependencies = (
			);
			name = GhostTypewriter;
			productName = TypeWriting;
			productReference = 91980EFD1E0860A2004714BE /* GhostTypewriter.framework */;
			productType = "com.apple.product-type.framework";
		};
		91980F051E0860A2004714BE /* GhostTypeWriterTests */ = {
			isa = PBXNativeTarget;
			buildConfigurationList = 91980F141E0860A2004714BE /* Build configuration list for PBXNativeTarget "GhostTypeWriterTests" */;
			buildPhases = (
				91980F021E0860A2004714BE /* Sources */,
				91980F031E0860A2004714BE /* Frameworks */,
				91980F041E0860A2004714BE /* Resources */,
			);
			buildRules = (
			);
			dependencies = (
				91980F091E0860A2004714BE /* PBXTargetDependency */,
			);
			name = GhostTypeWriterTests;
			productName = TypeWritingTests;
			productReference = 91980F061E0860A2004714BE /* GhostTypeWriterTests.xctest */;
			productType = "com.apple.product-type.bundle.unit-test";
		};
/* End PBXNativeTarget section */

/* Begin PBXProject section */
		91980EF41E0860A2004714BE /* Project object */ = {
			isa = PBXProject;
			attributes = {
				LastSwiftUpdateCheck = 0810;
				LastUpgradeCheck = 1120;
				ORGANIZATIONNAME = Boles;
				TargetAttributes = {
					91980EFC1E0860A2004714BE = {
						CreatedOnToolsVersion = 8.1;
						LastSwiftMigration = 1120;
						ProvisioningStyle = Automatic;
					};
					91980F051E0860A2004714BE = {
						CreatedOnToolsVersion = 8.1;
						LastSwiftMigration = 1120;
						ProvisioningStyle = Automatic;
					};
				};
			};
			buildConfigurationList = 91980EF71E0860A2004714BE /* Build configuration list for PBXProject "GhostTypewriter" */;
			compatibilityVersion = "Xcode 3.2";
			developmentRegion = en;
			hasScannedForEncodings = 0;
			knownRegions = (
				en,
				Base,
			);
			mainGroup = 91980EF31E0860A2004714BE;
			productRefGroup = 91980EFE1E0860A2004714BE /* Products */;
			projectDirPath = "";
			projectRoot = "";
			targets = (
				91980EFC1E0860A2004714BE /* GhostTypewriter */,
				91980F051E0860A2004714BE /* GhostTypeWriterTests */,
			);
		};
/* End PBXProject section */

/* Begin PBXResourcesBuildPhase section */
		91980EFB1E0860A2004714BE /* Resources */ = {
			isa = PBXResourcesBuildPhase;
			buildActionMask = 2147483647;
			files = (
			);
			runOnlyForDeploymentPostprocessing = 0;
		};
		91980F041E0860A2004714BE /* Resources */ = {
			isa = PBXResourcesBuildPhase;
			buildActionMask = 2147483647;
			files = (
			);
			runOnlyForDeploymentPostprocessing = 0;
		};
/* End PBXResourcesBuildPhase section */

/* Begin PBXSourcesBuildPhase section */
		91980EF81E0860A2004714BE /* Sources */ = {
			isa = PBXSourcesBuildPhase;
			buildActionMask = 2147483647;
			files = (
				C22D054623E1ADC500FF3F27 /* TimerFactory.swift in Sources */,
				3DC735FC2726FECE00A67117 /* TypewriterAnimation.swift in Sources */,
				914248881E093E3A008729C9 /* TypewriterLabel.swift in Sources */,
			);
			runOnlyForDeploymentPostprocessing = 0;
		};
		91980F021E0860A2004714BE /* Sources */ = {
			isa = PBXSourcesBuildPhase;
			buildActionMask = 2147483647;
			files = (
				C22D054F23E1B0DD00FF3F27 /* MockTimerFactory.swift in Sources */,
				C22D055023E1B0E100FF3F27 /* MockTimer.swift in Sources */,
				C22D055123E1B0EE00FF3F27 /* TypewriterLabelTests.swift in Sources */,
			);
			runOnlyForDeploymentPostprocessing = 0;
		};
/* End PBXSourcesBuildPhase section */

/* Begin PBXTargetDependency section */
		91980F091E0860A2004714BE /* PBXTargetDependency */ = {
			isa = PBXTargetDependency;
			target = 91980EFC1E0860A2004714BE /* GhostTypewriter */;
			targetProxy = 91980F081E0860A2004714BE /* PBXContainerItemProxy */;
		};
/* End PBXTargetDependency section */

/* Begin XCBuildConfiguration section */
		91980F0F1E0860A2004714BE /* Debug */ = {
			isa = XCBuildConfiguration;
			buildSettings = {
				ALWAYS_SEARCH_USER_PATHS = NO;
				CLANG_ANALYZER_LOCALIZABILITY_NONLOCALIZED = YES;
				CLANG_ANALYZER_NONNULL = YES;
				CLANG_CXX_LANGUAGE_STANDARD = "gnu++0x";
				CLANG_CXX_LIBRARY = "libc++";
				CLANG_ENABLE_MODULES = YES;
				CLANG_ENABLE_OBJC_ARC = YES;
				CLANG_WARN_BLOCK_CAPTURE_AUTORELEASING = YES;
				CLANG_WARN_BOOL_CONVERSION = YES;
				CLANG_WARN_COMMA = YES;
				CLANG_WARN_CONSTANT_CONVERSION = YES;
				CLANG_WARN_DEPRECATED_OBJC_IMPLEMENTATIONS = YES;
				CLANG_WARN_DIRECT_OBJC_ISA_USAGE = YES_ERROR;
				CLANG_WARN_DOCUMENTATION_COMMENTS = YES;
				CLANG_WARN_EMPTY_BODY = YES;
				CLANG_WARN_ENUM_CONVERSION = YES;
				CLANG_WARN_INFINITE_RECURSION = YES;
				CLANG_WARN_INT_CONVERSION = YES;
				CLANG_WARN_NON_LITERAL_NULL_CONVERSION = YES;
				CLANG_WARN_OBJC_IMPLICIT_RETAIN_SELF = YES;
				CLANG_WARN_OBJC_LITERAL_CONVERSION = YES;
				CLANG_WARN_OBJC_ROOT_CLASS = YES_ERROR;
				CLANG_WARN_RANGE_LOOP_ANALYSIS = YES;
				CLANG_WARN_STRICT_PROTOTYPES = YES;
				CLANG_WARN_SUSPICIOUS_MOVE = YES;
				CLANG_WARN_SUSPICIOUS_MOVES = YES;
				CLANG_WARN_UNREACHABLE_CODE = YES;
				CLANG_WARN__DUPLICATE_METHOD_MATCH = YES;
				"CODE_SIGN_IDENTITY[sdk=iphoneos*]" = "iPhone Developer";
				COPY_PHASE_STRIP = NO;
				CURRENT_PROJECT_VERSION = 1;
				DEBUG_INFORMATION_FORMAT = dwarf;
				ENABLE_STRICT_OBJC_MSGSEND = YES;
				ENABLE_TESTABILITY = YES;
				GCC_C_LANGUAGE_STANDARD = gnu99;
				GCC_DYNAMIC_NO_PIC = NO;
				GCC_NO_COMMON_BLOCKS = YES;
				GCC_OPTIMIZATION_LEVEL = 0;
				GCC_PREPROCESSOR_DEFINITIONS = (
					"DEBUG=1",
					"$(inherited)",
				);
				GCC_WARN_64_TO_32_BIT_CONVERSION = YES;
				GCC_WARN_ABOUT_RETURN_TYPE = YES_ERROR;
				GCC_WARN_UNDECLARED_SELECTOR = YES;
				GCC_WARN_UNINITIALIZED_AUTOS = YES_AGGRESSIVE;
				GCC_WARN_UNUSED_FUNCTION = YES;
				GCC_WARN_UNUSED_VARIABLE = YES;
				IPHONEOS_DEPLOYMENT_TARGET = 10.0;
				MTL_ENABLE_DEBUG_INFO = YES;
				ONLY_ACTIVE_ARCH = YES;
				SDKROOT = iphoneos;
				SWIFT_ACTIVE_COMPILATION_CONDITIONS = DEBUG;
				SWIFT_OPTIMIZATION_LEVEL = "-Onone";
				TARGETED_DEVICE_FAMILY = "1,2";
				VERSIONING_SYSTEM = "apple-generic";
				VERSION_INFO_PREFIX = "";
			};
			name = Debug;
		};
		91980F101E0860A2004714BE /* Release */ = {
			isa = XCBuildConfiguration;
			buildSettings = {
				ALWAYS_SEARCH_USER_PATHS = NO;
				CLANG_ANALYZER_LOCALIZABILITY_NONLOCALIZED = YES;
				CLANG_ANALYZER_NONNULL = YES;
				CLANG_CXX_LANGUAGE_STANDARD = "gnu++0x";
				CLANG_CXX_LIBRARY = "libc++";
				CLANG_ENABLE_MODULES = YES;
				CLANG_ENABLE_OBJC_ARC = YES;
				CLANG_WARN_BLOCK_CAPTURE_AUTORELEASING = YES;
				CLANG_WARN_BOOL_CONVERSION = YES;
				CLANG_WARN_COMMA = YES;
				CLANG_WARN_CONSTANT_CONVERSION = YES;
				CLANG_WARN_DEPRECATED_OBJC_IMPLEMENTATIONS = YES;
				CLANG_WARN_DIRECT_OBJC_ISA_USAGE = YES_ERROR;
				CLANG_WARN_DOCUMENTATION_COMMENTS = YES;
				CLANG_WARN_EMPTY_BODY = YES;
				CLANG_WARN_ENUM_CONVERSION = YES;
				CLANG_WARN_INFINITE_RECURSION = YES;
				CLANG_WARN_INT_CONVERSION = YES;
				CLANG_WARN_NON_LITERAL_NULL_CONVERSION = YES;
				CLANG_WARN_OBJC_IMPLICIT_RETAIN_SELF = YES;
				CLANG_WARN_OBJC_LITERAL_CONVERSION = YES;
				CLANG_WARN_OBJC_ROOT_CLASS = YES_ERROR;
				CLANG_WARN_RANGE_LOOP_ANALYSIS = YES;
				CLANG_WARN_STRICT_PROTOTYPES = YES;
				CLANG_WARN_SUSPICIOUS_MOVE = YES;
				CLANG_WARN_SUSPICIOUS_MOVES = YES;
				CLANG_WARN_UNREACHABLE_CODE = YES;
				CLANG_WARN__DUPLICATE_METHOD_MATCH = YES;
				"CODE_SIGN_IDENTITY[sdk=iphoneos*]" = "iPhone Developer";
				COPY_PHASE_STRIP = NO;
				CURRENT_PROJECT_VERSION = 1;
				DEBUG_INFORMATION_FORMAT = "dwarf-with-dsym";
				ENABLE_NS_ASSERTIONS = NO;
				ENABLE_STRICT_OBJC_MSGSEND = YES;
				GCC_C_LANGUAGE_STANDARD = gnu99;
				GCC_NO_COMMON_BLOCKS = YES;
				GCC_WARN_64_TO_32_BIT_CONVERSION = YES;
				GCC_WARN_ABOUT_RETURN_TYPE = YES_ERROR;
				GCC_WARN_UNDECLARED_SELECTOR = YES;
				GCC_WARN_UNINITIALIZED_AUTOS = YES_AGGRESSIVE;
				GCC_WARN_UNUSED_FUNCTION = YES;
				GCC_WARN_UNUSED_VARIABLE = YES;
				IPHONEOS_DEPLOYMENT_TARGET = 10.0;
				MTL_ENABLE_DEBUG_INFO = NO;
				SDKROOT = iphoneos;
				SWIFT_OPTIMIZATION_LEVEL = "-Owholemodule";
				TARGETED_DEVICE_FAMILY = "1,2";
				VALIDATE_PRODUCT = YES;
				VERSIONING_SYSTEM = "apple-generic";
				VERSION_INFO_PREFIX = "";
			};
			name = Release;
		};
		91980F121E0860A2004714BE /* Debug */ = {
			isa = XCBuildConfiguration;
			buildSettings = {
				CLANG_ENABLE_MODULES = YES;
				CODE_SIGN_IDENTITY = "";
				DEFINES_MODULE = YES;
				DYLIB_COMPATIBILITY_VERSION = 1;
				DYLIB_CURRENT_VERSION = 1;
				DYLIB_INSTALL_NAME_BASE = "@rpath";
				INFOPLIST_FILE = GhostTypewriter/SupportingFiles/Info.plist;
				INSTALL_PATH = "$(LOCAL_LIBRARY_DIR)/Frameworks";
				LD_RUNPATH_SEARCH_PATHS = "$(inherited) @executable_path/Frameworks @loader_path/Frameworks";
				PRODUCT_BUNDLE_IDENTIFIER = com.boles.ghosttypewriter;
				PRODUCT_NAME = "$(TARGET_NAME)";
				SKIP_INSTALL = YES;
				SWIFT_OPTIMIZATION_LEVEL = "-Onone";
				SWIFT_VERSION = 5.0;
			};
			name = Debug;
		};
		91980F131E0860A2004714BE /* Release */ = {
			isa = XCBuildConfiguration;
			buildSettings = {
				CLANG_ENABLE_MODULES = YES;
				CODE_SIGN_IDENTITY = "";
				DEFINES_MODULE = YES;
				DYLIB_COMPATIBILITY_VERSION = 1;
				DYLIB_CURRENT_VERSION = 1;
				DYLIB_INSTALL_NAME_BASE = "@rpath";
				INFOPLIST_FILE = GhostTypewriter/SupportingFiles/Info.plist;
				INSTALL_PATH = "$(LOCAL_LIBRARY_DIR)/Frameworks";
				LD_RUNPATH_SEARCH_PATHS = "$(inherited) @executable_path/Frameworks @loader_path/Frameworks";
				PRODUCT_BUNDLE_IDENTIFIER = com.boles.ghosttypewriter;
				PRODUCT_NAME = "$(TARGET_NAME)";
				SKIP_INSTALL = YES;
				SWIFT_VERSION = 5.0;
			};
			name = Release;
		};
		91980F151E0860A2004714BE /* Debug */ = {
			isa = XCBuildConfiguration;
			buildSettings = {
				ALWAYS_EMBED_SWIFT_STANDARD_LIBRARIES = YES;
				INFOPLIST_FILE = GhostTypewriterTests/Info.plist;
				LD_RUNPATH_SEARCH_PATHS = "$(inherited) @executable_path/Frameworks @loader_path/Frameworks";
				PRODUCT_BUNDLE_IDENTIFIER = com.boles.ghosttypewritertests;
				PRODUCT_NAME = "$(TARGET_NAME)";
				SWIFT_VERSION = 5.0;
			};
			name = Debug;
		};
		91980F161E0860A2004714BE /* Release */ = {
			isa = XCBuildConfiguration;
			buildSettings = {
				ALWAYS_EMBED_SWIFT_STANDARD_LIBRARIES = YES;
				INFOPLIST_FILE = GhostTypewriterTests/Info.plist;
				LD_RUNPATH_SEARCH_PATHS = "$(inherited) @executable_path/Frameworks @loader_path/Frameworks";
				PRODUCT_BUNDLE_IDENTIFIER = com.boles.ghosttypewritertests;
				PRODUCT_NAME = "$(TARGET_NAME)";
				SWIFT_VERSION = 5.0;
			};
			name = Release;
		};
/* End XCBuildConfiguration section */

/* Begin XCConfigurationList section */
		91980EF71E0860A2004714BE /* Build configuration list for PBXProject "GhostTypewriter" */ = {
			isa = XCConfigurationList;
			buildConfigurations = (
				91980F0F1E0860A2004714BE /* Debug */,
				91980F101E0860A2004714BE /* Release */,
			);
			defaultConfigurationIsVisible = 0;
			defaultConfigurationName = Release;
		};
		91980F111E0860A2004714BE /* Build configuration list for PBXNativeTarget "GhostTypewriter" */ = {
			isa = XCConfigurationList;
			buildConfigurations = (
				91980F121E0860A2004714BE /* Debug */,
				91980F131E0860A2004714BE /* Release */,
			);
			defaultConfigurationIsVisible = 0;
			defaultConfigurationName = Release;
		};
		91980F141E0860A2004714BE /* Build configuration list for PBXNativeTarget "GhostTypeWriterTests" */ = {
			isa = XCConfigurationList;
			buildConfigurations = (
				91980F151E0860A2004714BE /* Debug */,
				91980F161E0860A2004714BE /* Release */,
			);
			defaultConfigurationIsVisible = 0;
			defaultConfigurationName = Release;
		};
/* End XCConfigurationList section */
	};
	rootObject = 91980EF41E0860A2004714BE /* Project object */;
}
