// !$*UTF8*$!
{
	archiveVersion = 1;
	classes = {
	};
	objectVersion = 46;
	objects = {

/* Begin PBXBuildFile section */
		4AD9A0C52F44BED47280F619 /* Pods_Example.framework in Frameworks */ = {isa = PBXBuildFile; fileRef = 0F03BBB8345450C435EAB72E /* Pods_Example.framework */; };
		915B19041E0844E20038B5DD /* ExampleTests.swift in Sources */ = {isa = PBXBuildFile; fileRef = 915B19031E0844E20038B5DD /* ExampleTests.swift */; };
		915B191A1E0845220038B5DD /* AppDelegate.swift in Sources */ = {isa = PBXBuildFile; fileRef = 915B190F1E0845220038B5DD /* AppDelegate.swift */; };
		915B191C1E0845220038B5DD /* Assets.xcassets in Resources */ = {isa = PBXBuildFile; fileRef = 915B19121E0845220038B5DD /* Assets.xcassets */; };
		915B191D1E0845220038B5DD /* LaunchScreen.storyboard in Resources */ = {isa = PBXBuildFile; fileRef = 915B19141E0845220038B5DD /* LaunchScreen.storyboard */; };
		915B191E1E0845220038B5DD /* Main.storyboard in Resources */ = {isa = PBXBuildFile; fileRef = 915B19161E0845220038B5DD /* Main.storyboard */; };
		915B191F1E0845220038B5DD /* ViewController.swift in Sources */ = {isa = PBXBuildFile; fileRef = 915B19191E0845220038B5DD /* ViewController.swift */; };
/* End PBXBuildFile section */

/* Begin PBXContainerItemProxy section */
		915B19001E0844E20038B5DD /* PBXContainerItemProxy */ = {
			isa = PBXContainerItemProxy;
			containerPortal = 915B18E31E0844E20038B5DD /* Project object */;
			proxyType = 1;
			remoteGlobalIDString = 915B18EA1E0844E20038B5DD;
			remoteInfo = Example;
		};
/* End PBXContainerItemProxy section */

/* Begin PBXFileReference section */
		0F03BBB8345450C435EAB72E /* Pods_Example.framework */ = {isa = PBXFileReference; explicitFileType = wrapper.framework; includeInIndex = 0; path = Pods_Example.framework; sourceTree = BUILT_PRODUCTS_DIR; };
		88DDC7CE31FFFADF8A6C1017 /* Pods-Example.release.xcconfig */ = {isa = PBXFileReference; includeInIndex = 1; lastKnownFileType = text.xcconfig; name = "Pods-Example.release.xcconfig"; path = "Pods/Target Support Files/Pods-Example/Pods-Example.release.xcconfig"; sourceTree = "<group>"; };
		915B18EB1E0844E20038B5DD /* Example.app */ = {isa = PBXFileReference; explicitFileType = wrapper.application; includeInIndex = 0; path = Example.app; sourceTree = BUILT_PRODUCTS_DIR; };
		915B18FF1E0844E20038B5DD /* ExampleTests.xctest */ = {isa = PBXFileReference; explicitFileType = wrapper.cfbundle; includeInIndex = 0; path = ExampleTests.xctest; sourceTree = BUILT_PRODUCTS_DIR; };
		915B19031E0844E20038B5DD /* ExampleTests.swift */ = {isa = PBXFileReference; lastKnownFileType = sourcecode.swift; path = ExampleTests.swift; sourceTree = "<group>"; };
		915B19051E0844E20038B5DD /* Info.plist */ = {isa = PBXFileReference; lastKnownFileType = text.plist.xml; path = Info.plist; sourceTree = "<group>"; };
		915B190F1E0845220038B5DD /* AppDelegate.swift */ = {isa = PBXFileReference; fileEncoding = 4; lastKnownFileType = sourcecode.swift; path = AppDelegate.swift; sourceTree = "<group>"; };
		915B19101E0845220038B5DD /* Info.plist */ = {isa = PBXFileReference; fileEncoding = 4; lastKnownFileType = text.plist.xml; path = Info.plist; sourceTree = "<group>"; };
		915B19121E0845220038B5DD /* Assets.xcassets */ = {isa = PBXFileReference; lastKnownFileType = folder.assetcatalog; path = Assets.xcassets; sourceTree = "<group>"; };
		915B19151E0845220038B5DD /* Base */ = {isa = PBXFileReference; lastKnownFileType = file.storyboard; name = Base; path = Base.lproj/LaunchScreen.storyboard; sourceTree = "<group>"; };
		915B19171E0845220038B5DD /* Base */ = {isa = PBXFileReference; lastKnownFileType = file.storyboard; name = Base; path = Base.lproj/Main.storyboard; sourceTree = "<group>"; };
		915B19191E0845220038B5DD /* ViewController.swift */ = {isa = PBXFileReference; fileEncoding = 4; lastKnownFileType = sourcecode.swift; path = ViewController.swift; sourceTree = "<group>"; };
		A4752544C1E815BE53320A8A /* Pods-Example.debug.xcconfig */ = {isa = PBXFileReference; includeInIndex = 1; lastKnownFileType = text.xcconfig; name = "Pods-Example.debug.xcconfig"; path = "Pods/Target Support Files/Pods-Example/Pods-Example.debug.xcconfig"; sourceTree = "<group>"; };
/* End PBXFileReference section */

/* Begin PBXFrameworksBuildPhase section */
		915B18E81E0844E20038B5DD /* Frameworks */ = {
			isa = PBXFrameworksBuildPhase;
			buildActionMask = 2147483647;
			files = (
				4AD9A0C52F44BED47280F619 /* Pods_Example.framework in Frameworks */,
			);
			runOnlyForDeploymentPostprocessing = 0;
		};
		915B18FC1E0844E20038B5DD /* Frameworks */ = {
			isa = PBXFrameworksBuildPhase;
			buildActionMask = 2147483647;
			files = (
			);
			runOnlyForDeploymentPostprocessing = 0;
		};
/* End PBXFrameworksBuildPhase section */

/* Begin PBXGroup section */
		915B18E21E0844E20038B5DD = {
			isa = PBXGroup;
			children = (
				915B18ED1E0844E20038B5DD /* Example */,
				915B19021E0844E20038B5DD /* ExampleTests */,
				915B18EC1E0844E20038B5DD /* Products */,
				D613552196961CAA9145AF64 /* Pods */,
				BC9FA4EE11C05CE554E7FB92 /* Frameworks */,
			);
			sourceTree = "<group>";
		};
		915B18EC1E0844E20038B5DD /* Products */ = {
			isa = PBXGroup;
			children = (
				915B18EB1E0844E20038B5DD /* Example.app */,
				915B18FF1E0844E20038B5DD /* ExampleTests.xctest */,
			);
			name = Products;
			sourceTree = "<group>";
		};
		915B18ED1E0844E20038B5DD /* Example */ = {
			isa = PBXGroup;
			children = (
				915B190E1E0845220038B5DD /* Application */,
				915B19111E0845220038B5DD /* Resources */,
				915B19131E0845220038B5DD /* Storyboards */,
				915B19181E0845220038B5DD /* ViewControllers */,
			);
			path = Example;
			sourceTree = "<group>";
		};
		915B19021E0844E20038B5DD /* ExampleTests */ = {
			isa = PBXGroup;
			children = (
				915B19031E0844E20038B5DD /* ExampleTests.swift */,
				915B19051E0844E20038B5DD /* Info.plist */,
			);
			path = ExampleTests;
			sourceTree = "<group>";
		};
		915B190E1E0845220038B5DD /* Application */ = {
			isa = PBXGroup;
			children = (
				915B190F1E0845220038B5DD /* AppDelegate.swift */,
				915B19101E0845220038B5DD /* Info.plist */,
			);
			path = Application;
			sourceTree = "<group>";
		};
		915B19111E0845220038B5DD /* Resources */ = {
			isa = PBXGroup;
			children = (
				915B19121E0845220038B5DD /* Assets.xcassets */,
			);
			path = Resources;
			sourceTree = "<group>";
		};
		915B19131E0845220038B5DD /* Storyboards */ = {
			isa = PBXGroup;
			children = (
				915B19141E0845220038B5DD /* LaunchScreen.storyboard */,
				915B19161E0845220038B5DD /* Main.storyboard */,
			);
			path = Storyboards;
			sourceTree = "<group>";
		};
		915B19181E0845220038B5DD /* ViewControllers */ = {
			isa = PBXGroup;
			children = (
				915B19191E0845220038B5DD /* ViewController.swift */,
			);
			path = ViewControllers;
			sourceTree = "<group>";
		};
		BC9FA4EE11C05CE554E7FB92 /* Frameworks */ = {
			isa = PBXGroup;
			children = (
				0F03BBB8345450C435EAB72E /* Pods_Example.framework */,
			);
			name = Frameworks;
			sourceTree = "<group>";
		};
		D613552196961CAA9145AF64 /* Pods */ = {
			isa = PBXGroup;
			children = (
				A4752544C1E815BE53320A8A /* Pods-Example.debug.xcconfig */,
				88DDC7CE31FFFADF8A6C1017 /* Pods-Example.release.xcconfig */,
			);
			name = Pods;
			sourceTree = "<group>";
		};
/* End PBXGroup section */

/* Begin PBXNativeTarget section */
		915B18EA1E0844E20038B5DD /* Example */ = {
			isa = PBXNativeTarget;
			buildConfigurationList = 915B19081E0844E20038B5DD /* Build configuration list for PBXNativeTarget "Example" */;
			buildPhases = (
				435180CB590213C7D4B04EE9 /* [CP] Check Pods Manifest.lock */,
				915B18E71E0844E20038B5DD /* Sources */,
				915B18E81E0844E20038B5DD /* Frameworks */,
				915B18E91E0844E20038B5DD /* Resources */,
				EE91A3E848E7D3AE935B6AE1 /* [CP] Embed Pods Frameworks */,
				7010203D58F4278B56805796 /* [CP] Copy Pods Resources */,
			);
			buildRules = (
			);
			dependencies = (
			);
			name = Example;
			productName = Example;
			productReference = 915B18EB1E0844E20038B5DD /* Example.app */;
			productType = "com.apple.product-type.application";
		};
		915B18FE1E0844E20038B5DD /* ExampleTests */ = {
			isa = PBXNativeTarget;
			buildConfigurationList = 915B190B1E0844E20038B5DD /* Build configuration list for PBXNativeTarget "ExampleTests" */;
			buildPhases = (
				915B18FB1E0844E20038B5DD /* Sources */,
				915B18FC1E0844E20038B5DD /* Frameworks */,
				915B18FD1E0844E20038B5DD /* Resources */,
			);
			buildRules = (
			);
			dependencies = (
				915B19011E0844E20038B5DD /* PBXTargetDependency */,
			);
			name = ExampleTests;
			productName = ExampleTests;
			productReference = 915B18FF1E0844E20038B5DD /* ExampleTests.xctest */;
			productType = "com.apple.product-type.bundle.unit-test";
		};
/* End PBXNativeTarget section */

/* Begin PBXProject section */
		915B18E31E0844E20038B5DD /* Project object */ = {
			isa = PBXProject;
			attributes = {
				LastSwiftUpdateCheck = 0810;
				LastUpgradeCheck = 0810;
				ORGANIZATIONNAME = Boles;
				TargetAttributes = {
					915B18EA1E0844E20038B5DD = {
						CreatedOnToolsVersion = 8.1;
						ProvisioningStyle = Automatic;
					};
					915B18FE1E0844E20038B5DD = {
						CreatedOnToolsVersion = 8.1;
						ProvisioningStyle = Automatic;
						TestTargetID = 915B18EA1E0844E20038B5DD;
					};
				};
			};
			buildConfigurationList = 915B18E61E0844E20038B5DD /* Build configuration list for PBXProject "Example" */;
			compatibilityVersion = "Xcode 3.2";
			developmentRegion = English;
			hasScannedForEncodings = 0;
			knownRegions = (
				en,
				Base,
			);
			mainGroup = 915B18E21E0844E20038B5DD;
			productRefGroup = 915B18EC1E0844E20038B5DD /* Products */;
			projectDirPath = "";
			projectRoot = "";
			targets = (
				915B18EA1E0844E20038B5DD /* Example */,
				915B18FE1E0844E20038B5DD /* ExampleTests */,
			);
		};
/* End PBXProject section */

/* Begin PBXResourcesBuildPhase section */
		915B18E91E0844E20038B5DD /* Resources */ = {
			isa = PBXResourcesBuildPhase;
			buildActionMask = 2147483647;
			files = (
				915B191D1E0845220038B5DD /* LaunchScreen.storyboard in Resources */,
				915B191C1E0845220038B5DD /* Assets.xcassets in Resources */,
				915B191E1E0845220038B5DD /* Main.storyboard in Resources */,
			);
			runOnlyForDeploymentPostprocessing = 0;
		};
		915B18FD1E0844E20038B5DD /* Resources */ = {
			isa = PBXResourcesBuildPhase;
			buildActionMask = 2147483647;
			files = (
			);
			runOnlyForDeploymentPostprocessing = 0;
		};
/* End PBXResourcesBuildPhase section */

/* Begin PBXShellScriptBuildPhase section */
		435180CB590213C7D4B04EE9 /* [CP] Check Pods Manifest.lock */ = {
			isa = PBXShellScriptBuildPhase;
			buildActionMask = 2147483647;
			files = (
			);
			inputPaths = (
			);
			name = "[CP] Check Pods Manifest.lock";
			outputPaths = (
			);
			runOnlyForDeploymentPostprocessing = 0;
			shellPath = /bin/sh;
			shellScript = "diff \"${PODS_ROOT}/../Podfile.lock\" \"${PODS_ROOT}/Manifest.lock\" > /dev/null\nif [ $? != 0 ] ; then\n    # print error to STDERR\n    echo \"error: The sandbox is not in sync with the Podfile.lock. Run 'pod install' or update your CocoaPods installation.\" >&2\n    exit 1\nfi\n";
			showEnvVarsInLog = 0;
		};
		7010203D58F4278B56805796 /* [CP] Copy Pods Resources */ = {
			isa = PBXShellScriptBuildPhase;
			buildActionMask = 2147483647;
			files = (
			);
			inputPaths = (
			);
			name = "[CP] Copy Pods Resources";
			outputPaths = (
			);
			runOnlyForDeploymentPostprocessing = 0;
			shellPath = /bin/sh;
			shellScript = "\"${SRCROOT}/Pods/Target Support Files/Pods-Example/Pods-Example-resources.sh\"\n";
			showEnvVarsInLog = 0;
		};
		EE91A3E848E7D3AE935B6AE1 /* [CP] Embed Pods Frameworks */ = {
			isa = PBXShellScriptBuildPhase;
			buildActionMask = 2147483647;
			files = (
			);
			inputPaths = (
			);
			name = "[CP] Embed Pods Frameworks";
			outputPaths = (
			);
			runOnlyForDeploymentPostprocessing = 0;
			shellPath = /bin/sh;
			shellScript = "\"${SRCROOT}/Pods/Target Support Files/Pods-Example/Pods-Example-frameworks.sh\"\n";
			showEnvVarsInLog = 0;
		};
/* End PBXShellScriptBuildPhase section */

/* Begin PBXSourcesBuildPhase section */
		915B18E71E0844E20038B5DD /* Sources */ = {
			isa = PBXSourcesBuildPhase;
			buildActionMask = 2147483647;
			files = (
				915B191F1E0845220038B5DD /* ViewController.swift in Sources */,
				915B191A1E0845220038B5DD /* AppDelegate.swift in Sources */,
			);
			runOnlyForDeploymentPostprocessing = 0;
		};
		915B18FB1E0844E20038B5DD /* Sources */ = {
			isa = PBXSourcesBuildPhase;
			buildActionMask = 2147483647;
			files = (
				915B19041E0844E20038B5DD /* ExampleTests.swift in Sources */,
			);
			runOnlyForDeploymentPostprocessing = 0;
		};
/* End PBXSourcesBuildPhase section */

/* Begin PBXTargetDependency section */
		915B19011E0844E20038B5DD /* PBXTargetDependency */ = {
			isa = PBXTargetDependency;
			target = 915B18EA1E0844E20038B5DD /* Example */;
			targetProxy = 915B19001E0844E20038B5DD /* PBXContainerItemProxy */;
		};
/* End PBXTargetDependency section */

/* Begin PBXVariantGroup section */
		915B19141E0845220038B5DD /* LaunchScreen.storyboard */ = {
			isa = PBXVariantGroup;
			children = (
				915B19151E0845220038B5DD /* Base */,
			);
			name = LaunchScreen.storyboard;
			sourceTree = "<group>";
		};
		915B19161E0845220038B5DD /* Main.storyboard */ = {
			isa = PBXVariantGroup;
			children = (
				915B19171E0845220038B5DD /* Base */,
			);
			name = Main.storyboard;
			sourceTree = "<group>";
		};
/* End PBXVariantGroup section */

/* Begin XCBuildConfiguration section */
		915B19061E0844E20038B5DD /* Debug */ = {
			isa = XCBuildConfiguration;
			buildSettings = {
				ALWAYS_SEARCH_USER_PATHS = NO;
				CLANG_ANALYZER_NONNULL = YES;
				CLANG_CXX_LANGUAGE_STANDARD = "gnu++0x";
				CLANG_CXX_LIBRARY = "libc++";
				CLANG_ENABLE_MODULES = YES;
				CLANG_ENABLE_OBJC_ARC = YES;
				CLANG_WARN_BOOL_CONVERSION = YES;
				CLANG_WARN_CONSTANT_CONVERSION = YES;
				CLANG_WARN_DIRECT_OBJC_ISA_USAGE = YES_ERROR;
				CLANG_WARN_DOCUMENTATION_COMMENTS = YES;
				CLANG_WARN_EMPTY_BODY = YES;
				CLANG_WARN_ENUM_CONVERSION = YES;
				CLANG_WARN_INFINITE_RECURSION = YES;
				CLANG_WARN_INT_CONVERSION = YES;
				CLANG_WARN_OBJC_ROOT_CLASS = YES_ERROR;
				CLANG_WARN_SUSPICIOUS_MOVE = YES;
				CLANG_WARN_SUSPICIOUS_MOVES = YES;
				CLANG_WARN_UNREACHABLE_CODE = YES;
				CLANG_WARN__DUPLICATE_METHOD_MATCH = YES;
				"CODE_SIGN_IDENTITY[sdk=iphoneos*]" = "iPhone Developer";
				COPY_PHASE_STRIP = NO;
				DEBUG_INFORMATION_FORMAT = dwarf;
				ENABLE_STRICT_OBJC_MSGSEND = YES;
				ENABLE_TESTABILITY = YES;
				GCC_C_LANGUAGE_STANDARD = gnu99;
				GCC_DYNAMIC_NO_PIC = NO;
				GCC_NO_COMMON_BLOCKS = YES;
				GCC_OPTIMIZATION_LEVEL = 0;
				GCC_PREPROCESSOR_DEFINITIONS = (
					"DEBUG=1",
					"$(inherited)",
				);
				GCC_WARN_64_TO_32_BIT_CONVERSION = YES;
				GCC_WARN_ABOUT_RETURN_TYPE = YES_ERROR;
				GCC_WARN_UNDECLARED_SELECTOR = YES;
				GCC_WARN_UNINITIALIZED_AUTOS = YES_AGGRESSIVE;
				GCC_WARN_UNUSED_FUNCTION = YES;
				GCC_WARN_UNUSED_VARIABLE = YES;
				IPHONEOS_DEPLOYMENT_TARGET = 10.0;
				MTL_ENABLE_DEBUG_INFO = YES;
				ONLY_ACTIVE_ARCH = YES;
				SDKROOT = iphoneos;
				SWIFT_ACTIVE_COMPILATION_CONDITIONS = DEBUG;
				SWIFT_OPTIMIZATION_LEVEL = "-Onone";
			};
			name = Debug;
		};
		915B19071E0844E20038B5DD /* Release */ = {
			isa = XCBuildConfiguration;
			buildSettings = {
				ALWAYS_SEARCH_USER_PATHS = NO;
				CLANG_ANALYZER_NONNULL = YES;
				CLANG_CXX_LANGUAGE_STANDARD = "gnu++0x";
				CLANG_CXX_LIBRARY = "libc++";
				CLANG_ENABLE_MODULES = YES;
				CLANG_ENABLE_OBJC_ARC = YES;
				CLANG_WARN_BOOL_CONVERSION = YES;
				CLANG_WARN_CONSTANT_CONVERSION = YES;
				CLANG_WARN_DIRECT_OBJC_ISA_USAGE = YES_ERROR;
				CLANG_WARN_DOCUMENTATION_COMMENTS = YES;
				CLANG_WARN_EMPTY_BODY = YES;
				CLANG_WARN_ENUM_CONVERSION = YES;
				CLANG_WARN_INFINITE_RECURSION = YES;
				CLANG_WARN_INT_CONVERSION = YES;
				CLANG_WARN_OBJC_ROOT_CLASS = YES_ERROR;
				CLANG_WARN_SUSPICIOUS_MOVE = YES;
				CLANG_WARN_SUSPICIOUS_MOVES = YES;
				CLANG_WARN_UNREACHABLE_CODE = YES;
				CLANG_WARN__DUPLICATE_METHOD_MATCH = YES;
				"CODE_SIGN_IDENTITY[sdk=iphoneos*]" = "iPhone Developer";
				COPY_PHASE_STRIP = NO;
				DEBUG_INFORMATION_FORMAT = "dwarf-with-dsym";
				ENABLE_NS_ASSERTIONS = NO;
				ENABLE_STRICT_OBJC_MSGSEND = YES;
				GCC_C_LANGUAGE_STANDARD = gnu99;
				GCC_NO_COMMON_BLOCKS = YES;
				GCC_WARN_64_TO_32_BIT_CONVERSION = YES;
				GCC_WARN_ABOUT_RETURN_TYPE = YES_ERROR;
				GCC_WARN_UNDECLARED_SELECTOR = YES;
				GCC_WARN_UNINITIALIZED_AUTOS = YES_AGGRESSIVE;
				GCC_WARN_UNUSED_FUNCTION = YES;
				GCC_WARN_UNUSED_VARIABLE = YES;
				IPHONEOS_DEPLOYMENT_TARGET = 10.0;
				MTL_ENABLE_DEBUG_INFO = NO;
				SDKROOT = iphoneos;
				SWIFT_OPTIMIZATION_LEVEL = "-Owholemodule";
				VALIDATE_PRODUCT = YES;
			};
			name = Release;
		};
		915B19091E0844E20038B5DD /* Debug */ = {
			isa = XCBuildConfiguration;
			baseConfigurationReference = A4752544C1E815BE53320A8A /* Pods-Example.debug.xcconfig */;
			buildSettings = {
				ALWAYS_EMBED_SWIFT_STANDARD_LIBRARIES = YES;
				ASSETCATALOG_COMPILER_APPICON_NAME = AppIcon;
				INFOPLIST_FILE = Example/Application/Info.plist;
				LD_RUNPATH_SEARCH_PATHS = "$(inherited) @executable_path/Frameworks";
				PRODUCT_BUNDLE_IDENTIFIER = com.boles.ghosttypewriter.example;
				PRODUCT_NAME = "$(TARGET_NAME)";
				SWIFT_VERSION = 3.0;
			};
			name = Debug;
		};
		915B190A1E0844E20038B5DD /* Release */ = {
			isa = XCBuildConfiguration;
			baseConfigurationReference = 88DDC7CE31FFFADF8A6C1017 /* Pods-Example.release.xcconfig */;
			buildSettings = {
				ALWAYS_EMBED_SWIFT_STANDARD_LIBRARIES = YES;
				ASSETCATALOG_COMPILER_APPICON_NAME = AppIcon;
				INFOPLIST_FILE = Example/Application/Info.plist;
				LD_RUNPATH_SEARCH_PATHS = "$(inherited) @executable_path/Frameworks";
				PRODUCT_BUNDLE_IDENTIFIER = com.boles.ghosttypewriter.example;
				PRODUCT_NAME = "$(TARGET_NAME)";
				SWIFT_VERSION = 3.0;
			};
			name = Release;
		};
		915B190C1E0844E20038B5DD /* Debug */ = {
			isa = XCBuildConfiguration;
			buildSettings = {
				ALWAYS_EMBED_SWIFT_STANDARD_LIBRARIES = YES;
				BUNDLE_LOADER = "$(TEST_HOST)";
				INFOPLIST_FILE = ExampleTests/Info.plist;
				LD_RUNPATH_SEARCH_PATHS = "$(inherited) @executable_path/Frameworks @loader_path/Frameworks";
				PRODUCT_BUNDLE_IDENTIFIER = com.boles.ghosttypewriter.exampletests;
				PRODUCT_NAME = "$(TARGET_NAME)";
				SWIFT_VERSION = 3.0;
				TEST_HOST = "$(BUILT_PRODUCTS_DIR)/Example.app/Example";
			};
			name = Debug;
		};
		915B190D1E0844E20038B5DD /* Release */ = {
			isa = XCBuildConfiguration;
			buildSettings = {
				ALWAYS_EMBED_SWIFT_STANDARD_LIBRARIES = YES;
				BUNDLE_LOADER = "$(TEST_HOST)";
				INFOPLIST_FILE = ExampleTests/Info.plist;
				LD_RUNPATH_SEARCH_PATHS = "$(inherited) @executable_path/Frameworks @loader_path/Frameworks";
				PRODUCT_BUNDLE_IDENTIFIER = com.boles.ghosttypewriter.exampletests;
				PRODUCT_NAME = "$(TARGET_NAME)";
				SWIFT_VERSION = 3.0;
				TEST_HOST = "$(BUILT_PRODUCTS_DIR)/Example.app/Example";
			};
			name = Release;
		};
/* End XCBuildConfiguration section */

/* Begin XCConfigurationList section */
		915B18E61E0844E20038B5DD /* Build configuration list for PBXProject "Example" */ = {
			isa = XCConfigurationList;
			buildConfigurations = (
				915B19061E0844E20038B5DD /* Debug */,
				915B19071E0844E20038B5DD /* Release */,
			);
			defaultConfigurationIsVisible = 0;
			defaultConfigurationName = Release;
		};
		915B19081E0844E20038B5DD /* Build configuration list for PBXNativeTarget "Example" */ = {
			isa = XCConfigurationList;
			buildConfigurations = (
				915B19091E0844E20038B5DD /* Debug */,
				915B190A1E0844E20038B5DD /* Release */,
			);
			defaultConfigurationIsVisible = 0;
			defaultConfigurationName = Release;
		};
		915B190B1E0844E20038B5DD /* Build configuration list for PBXNativeTarget "ExampleTests" */ = {
			isa = XCConfigurationList;
			buildConfigurations = (
				915B190C1E0844E20038B5DD /* Debug */,
				915B190D1E0844E20038B5DD /* Release */,
			);
			defaultConfigurationIsVisible = 0;
			defaultConfigurationName = Release;
		};
/* End XCConfigurationList section */
	};
	rootObject = 915B18E31E0844E20038B5DD /* Project object */;
}
